
Microsoft Visual Studio Solution File, Format Version 12.00
# Visual Studio Version 16
VisualStudioVersion = 16.0.30128.74
MinimumVisualStudioVersion = 10.0.40219.1
Project("{9A19103F-16F7-4668-BE54-9A1E7A4F7556}") = "SaltyServer", "SaltyServer\SaltyServer.csproj", "{685FBBF4-43EA-4FB1-B278-BE6992301BE6}"
EndProject
Project("{9A19103F-16F7-4668-BE54-9A1E7A4F7556}") = "SaltyShared", "SaltyShared\SaltyShared.csproj", "{ED1D50B9-E3E4-4F94-B947-A51F511D07D0}"
EndProject
Global
	GlobalSection(SolutionConfigurationPlatforms) = preSolution
		Debug|Any CPU = Debug|Any CPU
		Debug|x64 = Debug|x64
		Release|Any CPU = Release|Any CPU
		Release|x64 = Release|x64
	EndGlobalSection
	GlobalSection(ProjectConfigurationPlatforms) = postSolution
		{685FBBF4-43EA-4FB1-B278-BE6992301BE6}.Debug|Any CPU.ActiveCfg = Debug|Any CPU
		{685FBBF4-43EA-4FB1-B278-BE6992301BE6}.Debug|Any CPU.Build.0 = Debug|Any CPU
		{685FBBF4-43EA-4FB1-B278-BE6992301BE6}.Debug|x64.ActiveCfg = Debug|Any CPU
		{685FBBF4-43EA-4FB1-B278-BE6992301BE6}.Debug|x64.Build.0 = Debug|Any CPU
		{685FBBF4-43EA-4FB1-B278-BE6992301BE6}.Release|Any CPU.ActiveCfg = Release|Any CPU
		{685FBBF4-43EA-4FB1-B278-BE6992301BE6}.Release|Any CPU.Build.0 = Release|Any CPU
		{685FBBF4-43EA-4FB1-B278-BE6992301BE6}.Release|x64.ActiveCfg = Release|Any CPU
		{685FBBF4-43EA-4FB1-B278-BE6992301BE6}.Release|x64.Build.0 = Release|Any CPU
		{ED1D50B9-E3E4-4F94-B947-A51F511D07D0}.Debug|Any CPU.ActiveCfg = Debug|Any CPU
		{ED1D50B9-E3E4-4F94-B947-A51F511D07D0}.Debug|Any CPU.Build.0 = Debug|Any CPU
		{ED1D50B9-E3E4-4F94-B947-A51F511D07D0}.Debug|x64.ActiveCfg = Debug|Any CPU
		{ED1D50B9-E3E4-4F94-B947-A51F511D07D0}.Debug|x64.Build.0 = Debug|Any CPU
		{ED1D50B9-E3E4-4F94-B947-A51F511D07D0}.Release|Any CPU.ActiveCfg = Release|Any CPU
		{ED1D50B9-E3E4-4F94-B947-A51F511D07D0}.Release|Any CPU.Build.0 = Release|Any CPU
		{ED1D50B9-E3E4-4F94-B947-A51F511D07D0}.Release|x64.ActiveCfg = Release|Any CPU
		{ED1D50B9-E3E4-4F94-B947-A51F511D07D0}.Release|x64.Build.0 = Release|Any CPU
	EndGlobalSection
	GlobalSection(SolutionProperties) = preSolution
		HideSolutionNode = FALSE
	EndGlobalSection
	GlobalSection(ExtensibilityGlobals) = postSolution
		SolutionGuid = {0C36BF07-CDCE-40BF-A72C-F9CD1F76C7CE}
	EndGlobalSection
EndGlobal
